
Microsoft Visual Studio Solution File, Format Version 12.00
# Visual Studio Version 16
VisualStudioVersion = 16.0.32106.194
MinimumVisualStudioVersion = 10.0.40219.1
Project("{FAE04EC0-301F-11D3-BF4B-00C04F79EFBC}") = "ProductInheritance", "ProductInheritance\ProductInheritance.csproj", "{011CF19D-8C3D-415A-A866-C13D4D12429F}"
EndProject
Global
	GlobalSection(SolutionConfigurationPlatforms) = preSolution
		Debug|Any CPU = Debug|Any CPU
		Release|Any CPU = Release|Any CPU
	EndGlobalSection
	GlobalSection(ProjectConfigurationPlatforms) = postSolution
		{011CF19D-8C3D-415A-A866-C13D4D12429F}.Debug|Any CPU.ActiveCfg = Debug|Any CPU
		{011CF19D-8C3D-415A-A866-C13D4D12429F}.Debug|Any CPU.Build.0 = Debug|Any CPU
		{011CF19D-8C3D-415A-A866-C13D4D12429F}.Release|Any CPU.ActiveCfg = Release|Any CPU
		{011CF19D-8C3D-415A-A866-C13D4D12429F}.Release|Any CPU.Build.0 = Release|Any CPU
	EndGlobalSection
	GlobalSection(SolutionProperties) = preSolution
		HideSolutionNode = FALSE
	EndGlobalSection
	GlobalSection(ExtensibilityGlobals) = postSolution
		SolutionGuid = {B38838D0-ABFD-4BF3-A75B-29CA1E47DF1B}
	EndGlobalSection
EndGlobal
